Microsoft Visual Studio Solution File, Format Version 12.00
# Visual Studio Version 17
VisualStudioVersion = 17.5.2.0
MinimumVisualStudioVersion = 10.0.40219.1
Project("{FAE04EC0-301F-11D3-BF4B-00C04F79EFBC}") = "DailyPlanner", "DailyPlanner.csproj", "{D045E86C-4E47-EF92-B4B9-6D6908D59643}"
EndProject
Global
	GlobalSection(SolutionConfigurationPlatforms) = preSolution
		Debug|Any CPU = Debug|Any CPU
		Release|Any CPU = Release|Any CPU
	EndGlobalSection
	GlobalSection(ProjectConfigurationPlatforms) = postSolution
		{D045E86C-4E47-EF92-B4B9-6D6908D59643}.Debug|Any CPU.ActiveCfg = Debug|Any CPU
		{D045E86C-4E47-EF92-B4B9-6D6908D59643}.Debug|Any CPU.Build.0 = Debug|Any CPU
		{D045E86C-4E47-EF92-B4B9-6D6908D59643}.Release|Any CPU.ActiveCfg = Release|Any CPU
		{D045E86C-4E47-EF92-B4B9-6D6908D59643}.Release|Any CPU.Build.0 = Release|Any CPU
	EndGlobalSection
	GlobalSection(SolutionProperties) = preSolution
		HideSolutionNode = FALSE
	EndGlobalSection
	GlobalSection(ExtensibilityGlobals) = postSolution
		SolutionGuid = {748598D1-9374-48E8-BE5F-1B88F5E05D4D}
	EndGlobalSection
EndGlobal
